
Microsoft Visual Studio Solution File, Format Version 12.00
# Visual Studio Version 17
VisualStudioVersion = 17.7.34202.233
MinimumVisualStudioVersion = 10.0.40219.1
Project("{FAE04EC0-301F-11D3-BF4B-00C04F79EFBC}") = "CarRacingGame", "CarRacingGame\CarRacingGame.csproj", "{69499ABB-6B1C-4D4E-A9F5-FDACB6E7FE46}"
EndProject
Global
	GlobalSection(SolutionConfigurationPlatforms) = preSolution
		Debug|Any CPU = Debug|Any CPU
		Release|Any CPU = Release|Any CPU
	EndGlobalSection
	GlobalSection(ProjectConfigurationPlatforms) = postSolution
		{69499ABB-6B1C-4D4E-A9F5-FDACB6E7FE46}.Debug|Any CPU.ActiveCfg = Debug|Any CPU
		{69499ABB-6B1C-4D4E-A9F5-FDACB6E7FE46}.Debug|Any CPU.Build.0 = Debug|Any CPU
		{69499ABB-6B1C-4D4E-A9F5-FDACB6E7FE46}.Release|Any CPU.ActiveCfg = Release|Any CPU
		{69499ABB-6B1C-4D4E-A9F5-FDACB6E7FE46}.Release|Any CPU.Build.0 = Release|Any CPU
	EndGlobalSection
	GlobalSection(SolutionProperties) = preSolution
		HideSolutionNode = FALSE
	EndGlobalSection
	GlobalSection(ExtensibilityGlobals) = postSolution
		SolutionGuid = {73BB9ECD-671C-41C7-88DC-C1F19F7EF10A}
	EndGlobalSection
EndGlobal
